
Microsoft Visual Studio Solution File, Format Version 12.00
# Visual Studio Version 17
VisualStudioVersion = 17.1.32421.90
MinimumVisualStudioVersion = 10.0.40219.1
Project("{FAE04EC0-301F-11D3-BF4B-00C04F79EFBC}") = "Basic_Programs", "Basic_Programs\Basic_Programs.csproj", "{BAB6C9D6-52C1-4132-BB3E-05280A811CDA}"
EndProject
Global
	GlobalSection(SolutionConfigurationPlatforms) = preSolution
		Debug|Any CPU = Debug|Any CPU
		Release|Any CPU = Release|Any CPU
	EndGlobalSection
	GlobalSection(ProjectConfigurationPlatforms) = postSolution
		{BAB6C9D6-52C1-4132-BB3E-05280A811CDA}.Debug|Any CPU.ActiveCfg = Debug|Any CPU
		{BAB6C9D6-52C1-4132-BB3E-05280A811CDA}.Debug|Any CPU.Build.0 = Debug|Any CPU
		{BAB6C9D6-52C1-4132-BB3E-05280A811CDA}.Release|Any CPU.ActiveCfg = Release|Any CPU
		{BAB6C9D6-52C1-4132-BB3E-05280A811CDA}.Release|Any CPU.Build.0 = Release|Any CPU
	EndGlobalSection
	GlobalSection(SolutionProperties) = preSolution
		HideSolutionNode = FALSE
	EndGlobalSection
	GlobalSection(ExtensibilityGlobals) = postSolution
		SolutionGuid = {6B36AE46-264E-4E27-8C7B-777875DBADC8}
	EndGlobalSection
EndGlobal
